
Microsoft Visual Studio Solution File, Format Version 12.00
# Visual Studio 14
VisualStudioVersion = 14.0.25420.1
MinimumVisualStudioVersion = 10.0.40219.1
Project("{FAE04EC0-301F-11D3-BF4B-00C04F79EFBC}") = "Restaurant.Tests", "Restaurant.Tests\Restaurant.Tests.csproj", "{CA6A5662-713B-443D-BEA6-EF63B97C3D36}"
EndProject
Project("{FAE04EC0-301F-11D3-BF4B-00C04F79EFBC}") = "Restaurant.Library", "Restaurant.Library\Restaurant.Library.csproj", "{BA450CF1-51A6-4EF5-BE62-522C02A7EBDE}"
EndProject
Project("{FAE04EC0-301F-11D3-BF4B-00C04F79EFBC}") = "Restaurant.Model", "Restaurant.Model\Restaurant.Model.csproj", "{86C90A57-2B82-4A4D-9228-F188C8E4C180}"
EndProject
Project("{FAE04EC0-301F-11D3-BF4B-00C04F79EFBC}") = "Restaurant", "Restaurant\Restaurant.csproj", "{63AACB6A-5D43-4C0F-9325-B205E4ECE484}"
EndProject
Project("{FAE04EC0-301F-11D3-BF4B-00C04F79EFBC}") = "Restaurant.Service", "Restaurant.Service\Restaurant.Service.csproj", "{54E5D8B5-6D5A-4419-BB0F-B9A7A76DA912}"
EndProject
Global
	GlobalSection(SolutionConfigurationPlatforms) = preSolution
		Debug|Any CPU = Debug|Any CPU
		Release|Any CPU = Release|Any CPU
	EndGlobalSection
	GlobalSection(ProjectConfigurationPlatforms) = postSolution
		{CA6A5662-713B-443D-BEA6-EF63B97C3D36}.Debug|Any CPU.ActiveCfg = Debug|Any CPU
		{CA6A5662-713B-443D-BEA6-EF63B97C3D36}.Debug|Any CPU.Build.0 = Debug|Any CPU
		{CA6A5662-713B-443D-BEA6-EF63B97C3D36}.Release|Any CPU.ActiveCfg = Release|Any CPU
		{CA6A5662-713B-443D-BEA6-EF63B97C3D36}.Release|Any CPU.Build.0 = Release|Any CPU
		{BA450CF1-51A6-4EF5-BE62-522C02A7EBDE}.Debug|Any CPU.ActiveCfg = Debug|Any CPU
		{BA450CF1-51A6-4EF5-BE62-522C02A7EBDE}.Debug|Any CPU.Build.0 = Debug|Any CPU
		{BA450CF1-51A6-4EF5-BE62-522C02A7EBDE}.Release|Any CPU.ActiveCfg = Release|Any CPU
		{BA450CF1-51A6-4EF5-BE62-522C02A7EBDE}.Release|Any CPU.Build.0 = Release|Any CPU
		{86C90A57-2B82-4A4D-9228-F188C8E4C180}.Debug|Any CPU.ActiveCfg = Debug|Any CPU
		{86C90A57-2B82-4A4D-9228-F188C8E4C180}.Debug|Any CPU.Build.0 = Debug|Any CPU
		{86C90A57-2B82-4A4D-9228-F188C8E4C180}.Release|Any CPU.ActiveCfg = Release|Any CPU
		{86C90A57-2B82-4A4D-9228-F188C8E4C180}.Release|Any CPU.Build.0 = Release|Any CPU
		{63AACB6A-5D43-4C0F-9325-B205E4ECE484}.Debug|Any CPU.ActiveCfg = Debug|Any CPU
		{63AACB6A-5D43-4C0F-9325-B205E4ECE484}.Debug|Any CPU.Build.0 = Debug|Any CPU
		{63AACB6A-5D43-4C0F-9325-B205E4ECE484}.Release|Any CPU.ActiveCfg = Release|Any CPU
		{63AACB6A-5D43-4C0F-9325-B205E4ECE484}.Release|Any CPU.Build.0 = Release|Any CPU
		{54E5D8B5-6D5A-4419-BB0F-B9A7A76DA912}.Debug|Any CPU.ActiveCfg = Debug|Any CPU
		{54E5D8B5-6D5A-4419-BB0F-B9A7A76DA912}.Debug|Any CPU.Build.0 = Debug|Any CPU
		{54E5D8B5-6D5A-4419-BB0F-B9A7A76DA912}.Release|Any CPU.ActiveCfg = Release|Any CPU
		{54E5D8B5-6D5A-4419-BB0F-B9A7A76DA912}.Release|Any CPU.Build.0 = Release|Any CPU
	EndGlobalSection
	GlobalSection(SolutionProperties) = preSolution
		HideSolutionNode = FALSE
	EndGlobalSection
EndGlobal
